
Microsoft Visual Studio Solution File, Format Version 12.00
# Visual Studio Version 17
VisualStudioVersion = 17.11.35327.3
MinimumVisualStudioVersion = 10.0.40219.1
Project("{FAE04EC0-301F-11D3-BF4B-00C04F79EFBC}") = "ÇağrıMerkeziSimülasyonu", "ÇağrıMerkeziSimülasyonu\ÇağrıMerkeziSimülasyonu.csproj", "{A48F37BA-4E5A-43A6-8F04-8F0A4B99398A}"
EndProject
Global
	GlobalSection(SolutionConfigurationPlatforms) = preSolution
		Debug|Any CPU = Debug|Any CPU
		Release|Any CPU = Release|Any CPU
	EndGlobalSection
	GlobalSection(ProjectConfigurationPlatforms) = postSolution
		{A48F37BA-4E5A-43A6-8F04-8F0A4B99398A}.Debug|Any CPU.ActiveCfg = Debug|Any CPU
		{A48F37BA-4E5A-43A6-8F04-8F0A4B99398A}.Debug|Any CPU.Build.0 = Debug|Any CPU
		{A48F37BA-4E5A-43A6-8F04-8F0A4B99398A}.Release|Any CPU.ActiveCfg = Release|Any CPU
		{A48F37BA-4E5A-43A6-8F04-8F0A4B99398A}.Release|Any CPU.Build.0 = Release|Any CPU
	EndGlobalSection
	GlobalSection(SolutionProperties) = preSolution
		HideSolutionNode = FALSE
	EndGlobalSection
	GlobalSection(ExtensibilityGlobals) = postSolution
		SolutionGuid = {600B2C30-D9EA-4224-97BF-D486C148FFD2}
	EndGlobalSection
EndGlobal
