
Microsoft Visual Studio Solution File, Format Version 12.00
# Visual Studio Version 17
VisualStudioVersion = 17.11.35327.3
MinimumVisualStudioVersion = 10.0.40219.1
Project("{FAE04EC0-301F-11D3-BF4B-00C04F79EFBC}") = "WindowsFormsApp1", "WindowsFormsApp1\WindowsFormsApp1.csproj", "{B1D3BD50-2369-4D65-999A-6A358E78317C}"
EndProject
Global
	GlobalSection(SolutionConfigurationPlatforms) = preSolution
		Debug|Any CPU = Debug|Any CPU
		Release|Any CPU = Release|Any CPU
	EndGlobalSection
	GlobalSection(ProjectConfigurationPlatforms) = postSolution
		{B1D3BD50-2369-4D65-999A-6A358E78317C}.Debug|Any CPU.ActiveCfg = Debug|Any CPU
		{B1D3BD50-2369-4D65-999A-6A358E78317C}.Debug|Any CPU.Build.0 = Debug|Any CPU
		{B1D3BD50-2369-4D65-999A-6A358E78317C}.Release|Any CPU.ActiveCfg = Release|Any CPU
		{B1D3BD50-2369-4D65-999A-6A358E78317C}.Release|Any CPU.Build.0 = Release|Any CPU
	EndGlobalSection
	GlobalSection(SolutionProperties) = preSolution
		HideSolutionNode = FALSE
	EndGlobalSection
	GlobalSection(ExtensibilityGlobals) = postSolution
		SolutionGuid = {971412AB-7A8B-45BE-944F-A88D1F3C04EA}
	EndGlobalSection
EndGlobal
